{
  "name": "animations-demo",
  "version": "0.0.0",
  "lockfileVersion": 1,
  "requires": true,
  "dependencies": {
    "@angular/animations": {
      "version": "8.2.5",
      "resolved": "https://registry.npmjs.org/@angular/animations/-/animations-8.2.5.tgz",
      "integrity": "sha512-t4TT11YIRGKSNYz5ngZ7trVPKZMtEql2LaPaVQnAZ6Cefrf+1s431mVh7ndPtGTLxRwr6RPTUe+Tc+5e2ROcmg==",
      "requires": {
        "tslib": "^1.9.0"
      }
    },
    "@angular/common": {
      "version": "8.2.5",
      "resolved": "https://registry.npmjs.org/@angular/common/-/common-8.2.5.tgz",
      "integrity": "sha512-7iSDLVhS+jbVRkECpbTzU9+6IQPS3Wl0CF73EA0sdzPbTC2GKvGfM9WLnIZZIxewkii6Wn1Yb0x0qRdWMT2STA==",
      "requires": {
        "tslib": "^1.9.0"
      }
    },
    "@angular/compiler": {
      "version": "8.2.5",
      "resolved": "https://registry.npmjs.org/@angular/compiler/-/compiler-8.2.5.tgz",
      "integrity": "sha512-u3OgSBTupn9DN1uDF+NmXqN7w9m6bbrIalJkwdw+kFXnXt8JpdIeJmeV2jN4wLuGp6A3sWS1ze+6u4kpFHMqTw==",
      "requires": {
        "tslib": "^1.9.0"
      }
    },
    "@angular/core": {
      "version": "8.2.5",
      "resolved": "https://registry.npmjs.org/@angular/core/-/core-8.2.5.tgz",
      "integrity": "sha512-cBEiHhLE8VFIdB53seR+nQYNQFlNloKgD7ro26eMazvRF94wBSzO9VrD3+/XmNWdIYibU7PBaXhDCOKTe+ZSHw==",
      "requires": {
        "tslib": "^1.9.0"
      }
    },
    "@angular/forms": {
      "version": "8.2.5",
      "resolved": "https://registry.npmjs.org/@angular/forms/-/forms-8.2.5.tgz",
      "integrity": "sha512-USJdzopslLC7JVMu7v58SA/g0NWeQeAM16qcR4LHj+wdMbJ+5G64LdZQe9vEHRdgGpgrZU4c2ODAwDEa1MzIDA==",
      "requires": {
        "tslib": "^1.9.0"
      }
    },
    "@angular/http": {
      "version": "7.2.15",
      "resolved": "https://registry.npmjs.org/@angular/http/-/http-7.2.15.tgz",
      "integrity": "sha512-TR7PEdmLWNIre3Zn8lvyb4lSrvPUJhKLystLnp4hBMcWsJqq5iK8S3bnlR4viZ9HMlf7bW7+Hm4SI6aB3tdUtw==",
      "requires": {
        "tslib": "^1.9.0"
      }
    },
    "@angular/platform-browser": {
      "version": "8.2.5",
      "resolved": "https://registry.npmjs.org/@angular/platform-browser/-/platform-browser-8.2.5.tgz",
      "integrity": "sha512-JIm4uOcgQq0oX1oTzRbQpwxFYAEYKiLi/uAPUf2CZeU2lVxMkhScAW0b8+tVFLIJ7IaVx5d2QxZ6HK81r+QSVg==",
      "requires": {
        "tslib": "^1.9.0"
      }
    },
    "@angular/platform-browser-dynamic": {
      "version": "8.2.5",
      "resolved": "https://registry.npmjs.org/@angular/platform-browser-dynamic/-/platform-browser-dynamic-8.2.5.tgz",
      "integrity": "sha512-4Ewg8I3T0t6/ClLt5ZFZ6ncDTqvEyI84h0K1cnNTsyoup3QKrY/FnklFbZbNl4ONVioHS6fkEg3R+xt1WthhYQ==",
      "requires": {
        "tslib": "^1.9.0"
      }
    },
    "@angular/router": {
      "version": "8.2.5",
      "resolved": "https://registry.npmjs.org/@angular/router/-/router-8.2.5.tgz",
      "integrity": "sha512-htkxrbB8rbOKIcfd0fV9KcxJGnVg8bAJ6atIMPETeI3dBORq6crzvML0B/yx6R+Ooy5e3Td3yXBsolexMxT0mg==",
      "requires": {
        "tslib": "^1.9.0"
      }
    },
    "bootstrap": {
      "version": "4.3.1",
      "resolved": "https://registry.npmjs.org/bootstrap/-/bootstrap-4.3.1.tgz",
      "integrity": "sha512-rXqOmH1VilAt2DyPzluTi2blhk17bO7ef+zLLPlWvG494pDxcM234pJ8wTc/6R40UWizAIIMgxjvxZg5kmsbag=="
    },
    "core-js": {
      "version": "3.2.1",
      "resolved": "https://registry.npmjs.org/core-js/-/core-js-3.2.1.tgz",
      "integrity": "sha512-Qa5XSVefSVPRxy2XfUC13WbvqkxhkwB3ve+pgCQveNgYzbM/UxZeu1dcOX/xr4UmfUd+muuvsaxilQzCyUurMw=="
    },
    "rxjs": {
      "version": "6.5.3",
      "resolved": "https://registry.npmjs.org/rxjs/-/rxjs-6.5.3.tgz",
      "integrity": "sha512-wuYsAYYFdWTAnAaPoKGNhfpWwKZbJW+HgAJ+mImp+Epl7BG8oNWBCTyRM8gba9k4lk8BgWdoYm21Mo/RYhhbgA==",
      "requires": {
        "tslib": "^1.9.0"
      }
    },
    "tslib": {
      "version": "1.10.0",
      "resolved": "https://registry.npmjs.org/tslib/-/tslib-1.10.0.tgz",
      "integrity": "sha512-qOebF53frne81cf0S9B41ByenJ3/IuH8yJKngAX35CmiZySA0khhkovshKK+jGCaMnVomla7gVlIcc3EvKPbTQ=="
    },
    "web-animations-js": {
      "version": "2.3.2",
      "resolved": "https://registry.npmjs.org/web-animations-js/-/web-animations-js-2.3.2.tgz",
      "integrity": "sha512-TOMFWtQdxzjWp8qx4DAraTWTsdhxVSiWa6NkPFSaPtZ1diKUxTn4yTix73A1euG1WbSOMMPcY51cnjTIHrGtDA=="
    },
    "zone.js": {
      "version": "0.10.2",
      "resolved": "https://registry.npmjs.org/zone.js/-/zone.js-0.10.2.tgz",
      "integrity": "sha512-UAYfiuvxLN4oyuqhJwd21Uxb4CNawrq6fPS/05Su5L4G+1TN+HVDJMUHNMobVQDFJRir2cLAODXwluaOKB7HFg=="
    }
  }
}
